{
    "_meta": {
        "hash": {
            "sha256": "bed91162e8f0015574060fe1bdf58b7e356aa3497ec7929471aac6dcbf9968a9"
        },
        "pipfile-spec": 6,
        "requires": {
            "python_version": "3.8"
        },
        "sources": [
            {
                "name": "pypi",
                "url": "https://pypi.org/simple",
                "verify_ssl": true
            }
        ]
    },
    "default": {
        "musicbrainzngs": {
            "hashes": [
                "sha256:ab1c0100fd0b305852e65f2ed4113c6de12e68afd55186987b8ed97e0f98e627",
                "sha256:e841a8f975104c0a72290b09f59326050194081a5ae62ee512f41915090e1a10"
            ],
            "index": "pypi",
            "version": "==0.7.1"
        },
        "six": {
            "hashes": [
                "sha256:30639c035cdb23534cd4aa2dd52c3bf48f06e5f4a941509c8bafd8ce11080259",
                "sha256:8b74bedcbbbaca38ff6d7491d76f2b06b3592611af620f8426e82dddb04a5ced"
            ],
            "index": "pypi",
            "version": "==1.15.0"
        }
    },
    "develop": {}
}
